<?xml version="1.0" encoding="utf-8"?>
<Project ToolsVersion="4.0" xmlns="http://schemas.microsoft.com/developer/msbuild/2003">
  <ItemGroup>
    <Filter Include="Source Files">
      <UniqueIdentifier>{4FC737F1-C7A5-4376-A066-2A32D752A2FF}</UniqueIdentifier>
      <Extensions>cpp;c;cc;cxx;def;odl;idl;hpj;bat;asm;asmx</Extensions>
    </Filter>
    <Filter Include="Source Files\App">
      <UniqueIdentifier>{b84764d4-d39b-45b8-9071-fc9764d32ce7}</UniqueIdentifier>
    </Filter>
    <Filter Include="Source Files\GUI">
      <UniqueIdentifier>{a3fd13d2-ca2c-4e10-aa9c-89b61c41a389}</UniqueIdentifier>
    </Filter>
    <Filter Include="Source Files\GUI\Main Window">
      <UniqueIdentifier>{dea2e099-fc56-4293-928c-8067c428ff28}</UniqueIdentifier>
    </Filter>
    <Filter Include="Resource Files">
      <UniqueIdentifier>{b36a0d35-c0ca-4da2-88c7-24c492a29a2c}</UniqueIdentifier>
    </Filter>
    <Filter Include="Source Files\Serial">
      <UniqueIdentifier>{04768576-b39a-493c-9cc6-7ebb77b1bb6f}</UniqueIdentifier>
    </Filter>
    <Filter Include="Source Files\GUI\Indicator Panels">
      <UniqueIdentifier>{05be4f00-dc64-4398-a4d5-8527f3e8d501}</UniqueIdentifier>
    </Filter>
    <Filter Include="Source Files\GUI\Indicator Panels\Radio Signal Strength">
      <UniqueIdentifier>{a7968ea1-5f9d-4cad-8b19-16fe2433f03f}</UniqueIdentifier>
    </Filter>
    <Filter Include="Source Files\GUI\Indicator Panels\Indicator Panel">
      <UniqueIdentifier>{7bc02ad3-6a04-4f57-9536-2b151b8a9c24}</UniqueIdentifier>
    </Filter>
    <Filter Include="Source Files\GUI\Indicator Panels\Incoming Data Stream">
      <UniqueIdentifier>{ebba0f9f-15b5-4465-bfd5-4479a4a10d96}</UniqueIdentifier>
    </Filter>
    <Filter Include="Source Files\GUI\Serial Port Connection">
      <UniqueIdentifier>{009e7922-68a6-401d-8bb5-ae6db74e146c}</UniqueIdentifier>
    </Filter>
    <Filter Include="Source Files\Interpreter">
      <UniqueIdentifier>{235bae8e-06e4-4612-a638-f2735382e36f}</UniqueIdentifier>
    </Filter>
    <Filter Include="Source Files\JSON">
      <UniqueIdentifier>{2f054be9-1088-4e61-a9af-a0cb4afc7a30}</UniqueIdentifier>
    </Filter>
    <Filter Include="Source Files\GUI\Indicator Panels\Radial Guage">
      <UniqueIdentifier>{dcd54049-07b8-4558-9475-8d09c9e29380}</UniqueIdentifier>
    </Filter>
    <Filter Include="Source Files\GUI\Indicator Panels\Linear Guage">
      <UniqueIdentifier>{d2749dd4-3448-4aff-8b42-bb188875f37e}</UniqueIdentifier>
    </Filter>
    <Filter Include="Source Files\GUI\Indicator Panels\Pressure Altitude Guage">
      <UniqueIdentifier>{98dc34ff-05a1-4760-900e-6fbf724fba25}</UniqueIdentifier>
    </Filter>
    <Filter Include="Source Files\GUI\Indicator Panels\Pitch Roll Display">
      <UniqueIdentifier>{a6886ec2-e027-4a52-90be-812949e6facb}</UniqueIdentifier>
    </Filter>
    <Filter Include="Source Files\Logger">
      <UniqueIdentifier>{a504fa0d-6cf0-4c9b-9f8d-b7135c35359c}</UniqueIdentifier>
    </Filter>
    <Filter Include="Source Files\GUI\Indicator Panels\GPS View">
      <UniqueIdentifier>{cae27710-797f-4689-a63b-351f3d5f9e33}</UniqueIdentifier>
    </Filter>
    <Filter Include="Source Files\GUI\Help Windows">
      <UniqueIdentifier>{78de3c72-ec85-4835-a727-0224e585ba03}</UniqueIdentifier>
    </Filter>
    <Filter Include="Source Files\GUI\Help Windows\About Window">
      <UniqueIdentifier>{6877b575-61a8-47d6-80c3-7de51f28c674}</UniqueIdentifier>
    </Filter>
    <Filter Include="Source Files\GUI\Help Windows\Documentation Window">
      <UniqueIdentifier>{7611b465-2ef7-417e-9e89-a0de2b5b4787}</UniqueIdentifier>
    </Filter>
  </ItemGroup>
  <ItemGroup>
    <ClCompile Include="..\Src\App\GroundControl.cpp">
      <Filter>Source Files\App</Filter>
    </ClCompile>
    <ClCompile Include="..\Src\GUI\MainWindow\MainWindow.cpp">
      <Filter>Source Files\GUI\Main Window</Filter>
    </ClCompile>
    <ClCompile Include="..\Src\Serial\SerialController.cpp">
      <Filter>Source Files\Serial</Filter>
    </ClCompile>
    <ClCompile Include="..\Src\GUI\Indicator Panels\Radio Signal Strength\RadioSignalStrength.cpp">
      <Filter>Source Files\GUI\Indicator Panels\Radio Signal Strength</Filter>
    </ClCompile>
    <ClCompile Include="..\Src\GUI\Indicator Panels\Indicator Panel\IndicatorPanel.cpp">
      <Filter>Source Files\GUI\Indicator Panels\Indicator Panel</Filter>
    </ClCompile>
    <ClCompile Include="..\Src\GUI\Indicator Panels\Incoming Data Stream\IncomingDataStream.cpp">
      <Filter>Source Files\GUI\Indicator Panels\Incoming Data Stream</Filter>
    </ClCompile>
    <ClCompile Include="..\Src\GUI\Serial Port Connection\SerialPortConnection.cpp">
      <Filter>Source Files\GUI\Serial Port Connection</Filter>
    </ClCompile>
    <ClCompile Include="..\Src\Interpreter\Interpreter.cpp">
      <Filter>Source Files\Interpreter</Filter>
    </ClCompile>
    <ClCompile Include="..\Src\GUI\Indicator Panels\linear Guage\LinearGuage.cpp">
      <Filter>Source Files\GUI\Indicator Panels\Linear Guage</Filter>
    </ClCompile>
    <ClCompile Include="..\Src\GUI\Indicator Panels\Radial Guage\RadialGuage.cpp">
      <Filter>Source Files\GUI\Indicator Panels\Radial Guage</Filter>
    </ClCompile>
    <ClCompile Include="..\Src\GUI\Indicator Panels\Pressure Altitude Guage\PressureAltitude.cpp">
      <Filter>Source Files\GUI\Indicator Panels\Pressure Altitude Guage</Filter>
    </ClCompile>
    <ClCompile Include="..\Src\GUI\Indicator Panels\Pitch Roll Display\PitchRoll.cpp">
      <Filter>Source Files\GUI\Indicator Panels\Pitch Roll Display</Filter>
    </ClCompile>
    <ClCompile Include="..\Src\Logger\logger.cpp">
      <Filter>Source Files\Logger</Filter>
    </ClCompile>
    <ClCompile Include="..\Src\GUI\Indicator Panels\GPS View\GPSView.cpp">
      <Filter>Source Files\GUI\Indicator Panels\GPS View</Filter>
    </ClCompile>
    <ClCompile Include="..\Src\GUI\Help Windows\About Window\AboutWindow.cpp">
      <Filter>Source Files\GUI\Help Windows\About Window</Filter>
    </ClCompile>
    <ClCompile Include="..\Src\GUI\Help Windows\Documentation Window\DocumentationWindow.cpp">
      <Filter>Source Files\GUI\Help Windows\Documentation Window</Filter>
    </ClCompile>
  </ItemGroup>
  <ItemGroup>
    <ClInclude Include="..\Src\App\GroundControl.h">
      <Filter>Source Files\App</Filter>
    </ClInclude>
    <ClInclude Include="..\Src\GUI\MainWindow\MainWindow.h">
      <Filter>Source Files\GUI\Main Window</Filter>
    </ClInclude>
    <ClInclude Include="resource.h">
      <Filter>Resource Files</Filter>
    </ClInclude>
    <ClInclude Include="..\Src\Serial\SerialController.h">
      <Filter>Source Files\Serial</Filter>
    </ClInclude>
    <ClInclude Include="..\Src\GUI\Indicator Panels\Radio Signal Strength\RadioSignalStrength.h">
      <Filter>Source Files\GUI\Indicator Panels\Radio Signal Strength</Filter>
    </ClInclude>
    <ClInclude Include="..\Src\GUI\Indicator Panels\Indicator Panel\IndicatorPanel.h">
      <Filter>Source Files\GUI\Indicator Panels\Indicator Panel</Filter>
    </ClInclude>
    <ClInclude Include="..\Src\GUI\Indicator Panels\Incoming Data Stream\IncomingDataStream.h">
      <Filter>Source Files\GUI\Indicator Panels\Incoming Data Stream</Filter>
    </ClInclude>
    <ClInclude Include="..\Src\GUI\Serial Port Connection\SerialPortConnection.h">
      <Filter>Source Files\GUI\Serial Port Connection</Filter>
    </ClInclude>
    <ClInclude Include="..\Src\Interpreter\Interpreter.h">
      <Filter>Source Files\Interpreter</Filter>
    </ClInclude>
    <ClInclude Include="..\Src\JSON\json.cpp">
      <Filter>Source Files\JSON</Filter>
    </ClInclude>
    <ClInclude Include="..\Src\GUI\Indicator Panels\linear Guage\LinearGuage.h">
      <Filter>Source Files\GUI\Indicator Panels\Linear Guage</Filter>
    </ClInclude>
    <ClInclude Include="..\Src\GUI\Indicator Panels\Radial Guage\RadialGuage.h">
      <Filter>Source Files\GUI\Indicator Panels\Radial Guage</Filter>
    </ClInclude>
    <ClInclude Include="..\Src\GUI\Indicator Panels\Pressure Altitude Guage\PressureAltitude.h">
      <Filter>Source Files\GUI\Indicator Panels\Pressure Altitude Guage</Filter>
    </ClInclude>
    <ClInclude Include="..\Src\GUI\Indicator Panels\Pitch Roll Display\PitchRoll.h">
      <Filter>Source Files\GUI\Indicator Panels\Pitch Roll Display</Filter>
    </ClInclude>
    <ClInclude Include="..\Src\Logger\Logger.h">
      <Filter>Source Files\Logger</Filter>
    </ClInclude>
    <ClInclude Include="..\Src\GUI\Indicator Panels\GPS View\GPSView.h">
      <Filter>Source Files\GUI\Indicator Panels\GPS View</Filter>
    </ClInclude>
    <ClInclude Include="..\Src\GUI\Help Windows\About Window\AboutWindow.h">
      <Filter>Source Files\GUI\Help Windows\About Window</Filter>
    </ClInclude>
    <ClInclude Include="..\Src\GUI\Help Windows\Documentation Window\DocumentationWindow.h">
      <Filter>Source Files\GUI\Help Windows\Documentation Window</Filter>
    </ClInclude>
  </ItemGroup>
  <ItemGroup>
    <Image Include="..\Icon\favicon.ico">
      <Filter>Resource Files</Filter>
    </Image>
  </ItemGroup>
  <ItemGroup>
    <ResourceCompile Include="Ground Control.rc">
      <Filter>Resource Files</Filter>
    </ResourceCompile>
  </ItemGroup>
</Project>